// !$*UTF8*$!
{
	archiveVersion = 1;
	classes = {
	};
	objectVersion = 46;
	objects = {

/* Begin PBXBuildFile section */
		1026EDF21CA1132E0037E2B5 /* main.m in Sources */ = {isa = PBXBuildFile; fileRef = 1026EDF11CA1132E0037E2B5 /* main.m */; };
		1026EDF51CA1132E0037E2B5 /* AppDelegate.m in Sources */ = {isa = PBXBuildFile; fileRef = 1026EDF41CA1132E0037E2B5 /* AppDelegate.m */; };
		1026EDF81CA1132E0037E2B5 /* ViewController.m in Sources */ = {isa = PBXBuildFile; fileRef = 1026EDF71CA1132E0037E2B5 /* ViewController.m */; };
		1026EDFB1CA1132E0037E2B5 /* Main.storyboard in Resources */ = {isa = PBXBuildFile; fileRef = 1026EDF91CA1132E0037E2B5 /* Main.storyboard */; };
		1026EDFD1CA1132E0037E2B5 /* Assets.xcassets in Resources */ = {isa = PBXBuildFile; fileRef = 1026EDFC1CA1132E0037E2B5 /* Assets.xcassets */; };
		1026EE001CA1132E0037E2B5 /* LaunchScreen.storyboard in Resources */ = {isa = PBXBuildFile; fileRef = 1026EDFE1CA1132E0037E2B5 /* LaunchScreen.storyboard */; };
		1026EE0B1CA1132E0037E2B5 /* _______Tests.m in Sources */ = {isa = PBXBuildFile; fileRef = 1026EE0A1CA1132E0037E2B5 /* _______Tests.m */; };
		1026EE161CA1132E0037E2B5 /* _______UITests.m in Sources */ = {isa = PBXBuildFile; fileRef = 1026EE151CA1132E0037E2B5 /* _______UITests.m */; };
		1026EE291CA113810037E2B5 /* libWeChatSDK.a in Frameworks */ = {isa = PBXBuildFile; fileRef = 1026EE241CA113810037E2B5 /* libWeChatSDK.a */; };
		1026EE2A1CA113810037E2B5 /* read_me.txt in Resources */ = {isa = PBXBuildFile; fileRef = 1026EE251CA113810037E2B5 /* read_me.txt */; };
		1026EE2C1CA115330037E2B5 /* SystemConfiguration.framework in Frameworks */ = {isa = PBXBuildFile; fileRef = 1026EE2B1CA115330037E2B5 /* SystemConfiguration.framework */; };
		1026EE2E1CA1154B0037E2B5 /* libz.tbd in Frameworks */ = {isa = PBXBuildFile; fileRef = 1026EE2D1CA1154B0037E2B5 /* libz.tbd */; };
		1026EE301CA1155F0037E2B5 /* libsqlite3.tbd in Frameworks */ = {isa = PBXBuildFile; fileRef = 1026EE2F1CA1155F0037E2B5 /* libsqlite3.tbd */; };
		1026EE321CA115820037E2B5 /* libc++.tbd in Frameworks */ = {isa = PBXBuildFile; fileRef = 1026EE311CA115820037E2B5 /* libc++.tbd */; };
		1026EE351CA119660037E2B5 /* WXLoginShare.m in Sources */ = {isa = PBXBuildFile; fileRef = 1026EE341CA119660037E2B5 /* WXLoginShare.m */; };
		1026EE371CA11E360037E2B5 /* CoreTelephony.framework in Frameworks */ = {isa = PBXBuildFile; fileRef = 1026EE361CA11E360037E2B5 /* CoreTelephony.framework */; };
		1026EE5A1CA1258E0037E2B5 /* MKAnnotationView+WebCache.m in Sources */ = {isa = PBXBuildFile; fileRef = 1026EE3A1CA1258E0037E2B5 /* MKAnnotationView+WebCache.m */; };
		1026EE5B1CA1258E0037E2B5 /* NSData+ImageContentType.m in Sources */ = {isa = PBXBuildFile; fileRef = 1026EE3C1CA1258E0037E2B5 /* NSData+ImageContentType.m */; };
		1026EE5C1CA1258E0037E2B5 /* SDImageCache.m in Sources */ = {isa = PBXBuildFile; fileRef = 1026EE3E1CA1258E0037E2B5 /* SDImageCache.m */; };
		1026EE5D1CA1258E0037E2B5 /* SDWebImageCompat.m in Sources */ = {isa = PBXBuildFile; fileRef = 1026EE401CA1258E0037E2B5 /* SDWebImageCompat.m */; };
		1026EE5E1CA1258E0037E2B5 /* SDWebImageDecoder.m in Sources */ = {isa = PBXBuildFile; fileRef = 1026EE421CA1258E0037E2B5 /* SDWebImageDecoder.m */; };
		1026EE5F1CA1258E0037E2B5 /* SDWebImageDownloader.m in Sources */ = {isa = PBXBuildFile; fileRef = 1026EE441CA1258E0037E2B5 /* SDWebImageDownloader.m */; };
		1026EE601CA1258E0037E2B5 /* SDWebImageDownloaderOperation.m in Sources */ = {isa = PBXBuildFile; fileRef = 1026EE461CA1258E0037E2B5 /* SDWebImageDownloaderOperation.m */; };
		1026EE611CA1258E0037E2B5 /* SDWebImageManager.m in Sources */ = {isa = PBXBuildFile; fileRef = 1026EE481CA1258E0037E2B5 /* SDWebImageManager.m */; };
		1026EE621CA1258E0037E2B5 /* SDWebImagePrefetcher.m in Sources */ = {isa = PBXBuildFile; fileRef = 1026EE4B1CA1258E0037E2B5 /* SDWebImagePrefetcher.m */; };
		1026EE631CA1258E0037E2B5 /* UIButton+WebCache.m in Sources */ = {isa = PBXBuildFile; fileRef = 1026EE4D1CA1258E0037E2B5 /* UIButton+WebCache.m */; };
		1026EE641CA1258E0037E2B5 /* UIImage+GIF.m in Sources */ = {isa = PBXBuildFile; fileRef = 1026EE4F1CA1258E0037E2B5 /* UIImage+GIF.m */; };
		1026EE651CA1258E0037E2B5 /* UIImage+MultiFormat.m in Sources */ = {isa = PBXBuildFile; fileRef = 1026EE511CA1258E0037E2B5 /* UIImage+MultiFormat.m */; };
		1026EE661CA1258E0037E2B5 /* UIImage+WebP.m in Sources */ = {isa = PBXBuildFile; fileRef = 1026EE531CA1258E0037E2B5 /* UIImage+WebP.m */; };
		1026EE671CA1258E0037E2B5 /* UIImageView+HighlightedWebCache.m in Sources */ = {isa = PBXBuildFile; fileRef = 1026EE551CA1258E0037E2B5 /* UIImageView+HighlightedWebCache.m */; };
		1026EE681CA1258E0037E2B5 /* UIImageView+WebCache.m in Sources */ = {isa = PBXBuildFile; fileRef = 1026EE571CA1258E0037E2B5 /* UIImageView+WebCache.m */; };
		1026EE691CA1258E0037E2B5 /* UIView+WebCacheOperation.m in Sources */ = {isa = PBXBuildFile; fileRef = 1026EE591CA1258E0037E2B5 /* UIView+WebCacheOperation.m */; };
		1026EE6C1CA1391C0037E2B5 /* 1.png in Resources */ = {isa = PBXBuildFile; fileRef = 1026EE6A1CA1391C0037E2B5 /* 1.png */; };
		1026EE6D1CA1391C0037E2B5 /* 2.png in Resources */ = {isa = PBXBuildFile; fileRef = 1026EE6B1CA1391C0037E2B5 /* 2.png */; };
/* End PBXBuildFile section */

/* Begin PBXContainerItemProxy section */
		1026EE071CA1132E0037E2B5 /* PBXContainerItemProxy */ = {
			isa = PBXContainerItemProxy;
			containerPortal = 1026EDE51CA1132E0037E2B5 /* Project object */;
			proxyType = 1;
			remoteGlobalIDString = 1026EDEC1CA1132E0037E2B5;
			remoteInfo = "微信登录_分享";
		};
		1026EE121CA1132E0037E2B5 /* PBXContainerItemProxy */ = {
			isa = PBXContainerItemProxy;
			containerPortal = 1026EDE51CA1132E0037E2B5 /* Project object */;
			proxyType = 1;
			remoteGlobalIDString = 1026EDEC1CA1132E0037E2B5;
			remoteInfo = "微信登录_分享";
		};
/* End PBXContainerItemProxy section */

/* Begin PBXFileReference section */
		1026EDED1CA1132E0037E2B5 /* 微信登录_分享.app */ = {isa = PBXFileReference; explicitFileType = wrapper.application; includeInIndex = 0; path = "微信登录_分享.app"; sourceTree = BUILT_PRODUCTS_DIR; };
		1026EDF11CA1132E0037E2B5 /* main.m */ = {isa = PBXFileReference; lastKnownFileType = sourcecode.c.objc; path = main.m; sourceTree = "<group>"; };
		1026EDF31CA1132E0037E2B5 /* AppDelegate.h */ = {isa = PBXFileReference; lastKnownFileType = sourcecode.c.h; path = AppDelegate.h; sourceTree = "<group>"; };
		1026EDF41CA1132E0037E2B5 /* AppDelegate.m */ = {isa = PBXFileReference; lastKnownFileType = sourcecode.c.objc; path = AppDelegate.m; sourceTree = "<group>"; };
		1026EDF61CA1132E0037E2B5 /* ViewController.h */ = {isa = PBXFileReference; lastKnownFileType = sourcecode.c.h; path = ViewController.h; sourceTree = "<group>"; };
		1026EDF71CA1132E0037E2B5 /* ViewController.m */ = {isa = PBXFileReference; lastKnownFileType = sourcecode.c.objc; path = ViewController.m; sourceTree = "<group>"; };
		1026EDFA1CA1132E0037E2B5 /* Base */ = {isa = PBXFileReference; lastKnownFileType = file.storyboard; name = Base; path = Base.lproj/Main.storyboard; sourceTree = "<group>"; };
		1026EDFC1CA1132E0037E2B5 /* Assets.xcassets */ = {isa = PBXFileReference; lastKnownFileType = folder.assetcatalog; path = Assets.xcassets; sourceTree = "<group>"; };
		1026EDFF1CA1132E0037E2B5 /* Base */ = {isa = PBXFileReference; lastKnownFileType = file.storyboard; name = Base; path = Base.lproj/LaunchScreen.storyboard; sourceTree = "<group>"; };
		1026EE011CA1132E0037E2B5 /* Info.plist */ = {isa = PBXFileReference; lastKnownFileType = text.plist.xml; path = Info.plist; sourceTree = "<group>"; };
		1026EE061CA1132E0037E2B5 /* 微信登录_分享Tests.xctest */ = {isa = PBXFileReference; explicitFileType = wrapper.cfbundle; includeInIndex = 0; path = "微信登录_分享Tests.xctest"; sourceTree = BUILT_PRODUCTS_DIR; };
		1026EE0A1CA1132E0037E2B5 /* _______Tests.m */ = {isa = PBXFileReference; lastKnownFileType = sourcecode.c.objc; path = "_______Tests.m"; sourceTree = "<group>"; };
		1026EE0C1CA1132E0037E2B5 /* Info.plist */ = {isa = PBXFileReference; lastKnownFileType = text.plist.xml; path = Info.plist; sourceTree = "<group>"; };
		1026EE111CA1132E0037E2B5 /* 微信登录_分享UITests.xctest */ = {isa = PBXFileReference; explicitFileType = wrapper.cfbundle; includeInIndex = 0; path = "微信登录_分享UITests.xctest"; sourceTree = BUILT_PRODUCTS_DIR; };
		1026EE151CA1132E0037E2B5 /* _______UITests.m */ = {isa = PBXFileReference; lastKnownFileType = sourcecode.c.objc; path = "_______UITests.m"; sourceTree = "<group>"; };
		1026EE171CA1132E0037E2B5 /* Info.plist */ = {isa = PBXFileReference; lastKnownFileType = text.plist.xml; path = Info.plist; sourceTree = "<group>"; };
		1026EE241CA113810037E2B5 /* libWeChatSDK.a */ = {isa = PBXFileReference; lastKnownFileType = archive.ar; path = libWeChatSDK.a; sourceTree = "<group>"; };
		1026EE251CA113810037E2B5 /* read_me.txt */ = {isa = PBXFileReference; fileEncoding = 4; lastKnownFileType = text; path = read_me.txt; sourceTree = "<group>"; };
		1026EE261CA113810037E2B5 /* WechatAuthSDK.h */ = {isa = PBXFileReference; fileEncoding = 4; lastKnownFileType = sourcecode.c.h; path = WechatAuthSDK.h; sourceTree = "<group>"; };
		1026EE271CA113810037E2B5 /* WXApi.h */ = {isa = PBXFileReference; fileEncoding = 4; lastKnownFileType = sourcecode.c.h; path = WXApi.h; sourceTree = "<group>"; };
		1026EE281CA113810037E2B5 /* WXApiObject.h */ = {isa = PBXFileReference; fileEncoding = 4; lastKnownFileType = sourcecode.c.h; path = WXApiObject.h; sourceTree = "<group>"; };
		1026EE2B1CA115330037E2B5 /* SystemConfiguration.framework */ = {isa = PBXFileReference; lastKnownFileType = wrapper.framework; name = SystemConfiguration.framework; path = System/Library/Frameworks/SystemConfiguration.framework; sourceTree = SDKROOT; };
		1026EE2D1CA1154B0037E2B5 /* libz.tbd */ = {isa = PBXFileReference; lastKnownFileType = "sourcecode.text-based-dylib-definition"; name = libz.tbd; path = usr/lib/libz.tbd; sourceTree = SDKROOT; };
		1026EE2F1CA1155F0037E2B5 /* libsqlite3.tbd */ = {isa = PBXFileReference; lastKnownFileType = "sourcecode.text-based-dylib-definition"; name = libsqlite3.tbd; path = usr/lib/libsqlite3.tbd; sourceTree = SDKROOT; };
		1026EE311CA115820037E2B5 /* libc++.tbd */ = {isa = PBXFileReference; lastKnownFileType = "sourcecode.text-based-dylib-definition"; name = "libc++.tbd"; path = "usr/lib/libc++.tbd"; sourceTree = SDKROOT; };
		1026EE331CA119660037E2B5 /* WXLoginShare.h */ = {isa = PBXFileReference; fileEncoding = 4; lastKnownFileType = sourcecode.c.h; path = WXLoginShare.h; sourceTree = "<group>"; };
		1026EE341CA119660037E2B5 /* WXLoginShare.m */ = {isa = PBXFileReference; fileEncoding = 4; lastKnownFileType = sourcecode.c.objc; path = WXLoginShare.m; sourceTree = "<group>"; };
		1026EE361CA11E360037E2B5 /* CoreTelephony.framework */ = {isa = PBXFileReference; lastKnownFileType = wrapper.framework; name = CoreTelephony.framework; path = System/Library/Frameworks/CoreTelephony.framework; sourceTree = SDKROOT; };
		1026EE391CA1258E0037E2B5 /* MKAnnotationView+WebCache.h */ = {isa = PBXFileReference; fileEncoding = 4; lastKnownFileType = sourcecode.c.h; path = "MKAnnotationView+WebCache.h"; sourceTree = "<group>"; };
		1026EE3A1CA1258E0037E2B5 /* MKAnnotationView+WebCache.m */ = {isa = PBXFileReference; fileEncoding = 4; lastKnownFileType = sourcecode.c.objc; path = "MKAnnotationView+WebCache.m"; sourceTree = "<group>"; };
		1026EE3B1CA1258E0037E2B5 /* NSData+ImageContentType.h */ = {isa = PBXFileReference; fileEncoding = 4; lastKnownFileType = sourcecode.c.h; path = "NSData+ImageContentType.h"; sourceTree = "<group>"; };
		1026EE3C1CA1258E0037E2B5 /* NSData+ImageContentType.m */ = {isa = PBXFileReference; fileEncoding = 4; lastKnownFileType = sourcecode.c.objc; path = "NSData+ImageContentType.m"; sourceTree = "<group>"; };
		1026EE3D1CA1258E0037E2B5 /* SDImageCache.h */ = {isa = PBXFileReference; fileEncoding = 4; lastKnownFileType = sourcecode.c.h; path = SDImageCache.h; sourceTree = "<group>"; };
		1026EE3E1CA1258E0037E2B5 /* SDImageCache.m */ = {isa = PBXFileReference; fileEncoding = 4; lastKnownFileType = sourcecode.c.objc; path = SDImageCache.m; sourceTree = "<group>"; };
		1026EE3F1CA1258E0037E2B5 /* SDWebImageCompat.h */ = {isa = PBXFileReference; fileEncoding = 4; lastKnownFileType = sourcecode.c.h; path = SDWebImageCompat.h; sourceTree = "<group>"; };
		1026EE401CA1258E0037E2B5 /* SDWebImageCompat.m */ = {isa = PBXFileReference; fileEncoding = 4; lastKnownFileType = sourcecode.c.objc; path = SDWebImageCompat.m; sourceTree = "<group>"; };
		1026EE411CA1258E0037E2B5 /* SDWebImageDecoder.h */ = {isa = PBXFileReference; fileEncoding = 4; lastKnownFileType = sourcecode.c.h; path = SDWebImageDecoder.h; sourceTree = "<group>"; };
		1026EE421CA1258E0037E2B5 /* SDWebImageDecoder.m */ = {isa = PBXFileReference; fileEncoding = 4; lastKnownFileType = sourcecode.c.objc; path = SDWebImageDecoder.m; sourceTree = "<group>"; };
		1026EE431CA1258E0037E2B5 /* SDWebImageDownloader.h */ = {isa = PBXFileReference; fileEncoding = 4; lastKnownFileType = sourcecode.c.h; path = SDWebImageDownloader.h; sourceTree = "<group>"; };
		1026EE441CA1258E0037E2B5 /* SDWebImageDownloader.m */ = {isa = PBXFileReference; fileEncoding = 4; lastKnownFileType = sourcecode.c.objc; path = SDWebImageDownloader.m; sourceTree = "<group>"; };
		1026EE451CA1258E0037E2B5 /* SDWebImageDownloaderOperation.h */ = {isa = PBXFileReference; fileEncoding = 4; lastKnownFileType = sourcecode.c.h; path = SDWebImageDownloaderOperation.h; sourceTree = "<group>"; };
		1026EE461CA1258E0037E2B5 /* SDWebImageDownloaderOperation.m */ = {isa = PBXFileReference; fileEncoding = 4; lastKnownFileType = sourcecode.c.objc; path = SDWebImageDownloaderOperation.m; sourceTree = "<group>"; };
		1026EE471CA1258E0037E2B5 /* SDWebImageManager.h */ = {isa = PBXFileReference; fileEncoding = 4; lastKnownFileType = sourcecode.c.h; path = SDWebImageManager.h; sourceTree = "<group>"; };
		1026EE481CA1258E0037E2B5 /* SDWebImageManager.m */ = {isa = PBXFileReference; fileEncoding = 4; lastKnownFileType = sourcecode.c.objc; path = SDWebImageManager.m; sourceTree = "<group>"; };
		1026EE491CA1258E0037E2B5 /* SDWebImageOperation.h */ = {isa = PBXFileReference; fileEncoding = 4; lastKnownFileType = sourcecode.c.h; path = SDWebImageOperation.h; sourceTree = "<group>"; };
		1026EE4A1CA1258E0037E2B5 /* SDWebImagePrefetcher.h */ = {isa = PBXFileReference; fileEncoding = 4; lastKnownFileType = sourcecode.c.h; path = SDWebImagePrefetcher.h; sourceTree = "<group>"; };
		1026EE4B1CA1258E0037E2B5 /* SDWebImagePrefetcher.m */ = {isa = PBXFileReference; fileEncoding = 4; lastKnownFileType = sourcecode.c.objc; path = SDWebImagePrefetcher.m; sourceTree = "<group>"; };
		1026EE4C1CA1258E0037E2B5 /* UIButton+WebCache.h */ = {isa = PBXFileReference; fileEncoding = 4; lastKnownFileType = sourcecode.c.h; path = "UIButton+WebCache.h"; sourceTree = "<group>"; };
		1026EE4D1CA1258E0037E2B5 /* UIButton+WebCache.m */ = {isa = PBXFileReference; fileEncoding = 4; lastKnownFileType = sourcecode.c.objc; path = "UIButton+WebCache.m"; sourceTree = "<group>"; };
		1026EE4E1CA1258E0037E2B5 /* UIImage+GIF.h */ = {isa = PBXFileReference; fileEncoding = 4; lastKnownFileType = sourcecode.c.h; path = "UIImage+GIF.h"; sourceTree = "<group>"; };
		1026EE4F1CA1258E0037E2B5 /* UIImage+GIF.m */ = {isa = PBXFileReference; fileEncoding = 4; lastKnownFileType = sourcecode.c.objc; path = "UIImage+GIF.m"; sourceTree = "<group>"; };
		1026EE501CA1258E0037E2B5 /* UIImage+MultiFormat.h */ = {isa = PBXFileReference; fileEncoding = 4; lastKnownFileType = sourcecode.c.h; path = "UIImage+MultiFormat.h"; sourceTree = "<group>"; };
		1026EE511CA1258E0037E2B5 /* UIImage+MultiFormat.m */ = {isa = PBXFileReference; fileEncoding = 4; lastKnownFileType = sourcecode.c.objc; path = "UIImage+MultiFormat.m"; sourceTree = "<group>"; };
		1026EE521CA1258E0037E2B5 /* UIImage+WebP.h */ = {isa = PBXFileReference; fileEncoding = 4; lastKnownFileType = sourcecode.c.h; path = "UIImage+WebP.h"; sourceTree = "<group>"; };
		1026EE531CA1258E0037E2B5 /* UIImage+WebP.m */ = {isa = PBXFileReference; fileEncoding = 4; lastKnownFileType = sourcecode.c.objc; path = "UIImage+WebP.m"; sourceTree = "<group>"; };
		1026EE541CA1258E0037E2B5 /* UIImageView+HighlightedWebCache.h */ = {isa = PBXFileReference; fileEncoding = 4; lastKnownFileType = sourcecode.c.h; path = "UIImageView+HighlightedWebCache.h"; sourceTree = "<group>"; };
		1026EE551CA1258E0037E2B5 /* UIImageView+HighlightedWebCache.m */ = {isa = PBXFileReference; fileEncoding = 4; lastKnownFileType = sourcecode.c.objc; path = "UIImageView+HighlightedWebCache.m"; sourceTree = "<group>"; };
		1026EE561CA1258E0037E2B5 /* UIImageView+WebCache.h */ = {isa = PBXFileReference; fileEncoding = 4; lastKnownFileType = sourcecode.c.h; path = "UIImageView+WebCache.h"; sourceTree = "<group>"; };
		1026EE571CA1258E0037E2B5 /* UIImageView+WebCache.m */ = {isa = PBXFileReference; fileEncoding = 4; lastKnownFileType = sourcecode.c.objc; path = "UIImageView+WebCache.m"; sourceTree = "<group>"; };
		1026EE581CA1258E0037E2B5 /* UIView+WebCacheOperation.h */ = {isa = PBXFileReference; fileEncoding = 4; lastKnownFileType = sourcecode.c.h; path = "UIView+WebCacheOperation.h"; sourceTree = "<group>"; };
		1026EE591CA1258E0037E2B5 /* UIView+WebCacheOperation.m */ = {isa = PBXFileReference; fileEncoding = 4; lastKnownFileType = sourcecode.c.objc; path = "UIView+WebCacheOperation.m"; sourceTree = "<group>"; };
		1026EE6A1CA1391C0037E2B5 /* 1.png */ = {isa = PBXFileReference; lastKnownFileType = image.png; path = 1.png; sourceTree = "<group>"; };
		1026EE6B1CA1391C0037E2B5 /* 2.png */ = {isa = PBXFileReference; lastKnownFileType = image.png; path = 2.png; sourceTree = "<group>"; };
/* End PBXFileReference section */

/* Begin PBXFrameworksBuildPhase section */
		1026EDEA1CA1132E0037E2B5 /* Frameworks */ = {
			isa = PBXFrameworksBuildPhase;
			buildActionMask = 2147483647;
			files = (
				1026EE371CA11E360037E2B5 /* CoreTelephony.framework in Frameworks */,
				1026EE321CA115820037E2B5 /* libc++.tbd in Frameworks */,
				1026EE301CA1155F0037E2B5 /* libsqlite3.tbd in Frameworks */,
				1026EE2E1CA1154B0037E2B5 /* libz.tbd in Frameworks */,
				1026EE2C1CA115330037E2B5 /* SystemConfiguration.framework in Frameworks */,
				1026EE291CA113810037E2B5 /* libWeChatSDK.a in Frameworks */,
			);
			runOnlyForDeploymentPostprocessing = 0;
		};
		1026EE031CA1132E0037E2B5 /* Frameworks */ = {
			isa = PBXFrameworksBuildPhase;
			buildActionMask = 2147483647;
			files = (
			);
			runOnlyForDeploymentPostprocessing = 0;
		};
		1026EE0E1CA1132E0037E2B5 /* Frameworks */ = {
			isa = PBXFrameworksBuildPhase;
			buildActionMask = 2147483647;
			files = (
			);
			runOnlyForDeploymentPostprocessing = 0;
		};
/* End PBXFrameworksBuildPhase section */

/* Begin PBXGroup section */
		1026EDE41CA1132E0037E2B5 = {
			isa = PBXGroup;
			children = (
				1026EE361CA11E360037E2B5 /* CoreTelephony.framework */,
				1026EE311CA115820037E2B5 /* libc++.tbd */,
				1026EE2F1CA1155F0037E2B5 /* libsqlite3.tbd */,
				1026EE2D1CA1154B0037E2B5 /* libz.tbd */,
				1026EE2B1CA115330037E2B5 /* SystemConfiguration.framework */,
				1026EDEF1CA1132E0037E2B5 /* 微信登录_分享 */,
				1026EE091CA1132E0037E2B5 /* 微信登录_分享Tests */,
				1026EE141CA1132E0037E2B5 /* 微信登录_分享UITests */,
				1026EDEE1CA1132E0037E2B5 /* Products */,
			);
			sourceTree = "<group>";
		};
		1026EDEE1CA1132E0037E2B5 /* Products */ = {
			isa = PBXGroup;
			children = (
				1026EDED1CA1132E0037E2B5 /* 微信登录_分享.app */,
				1026EE061CA1132E0037E2B5 /* 微信登录_分享Tests.xctest */,
				1026EE111CA1132E0037E2B5 /* 微信登录_分享UITests.xctest */,
			);
			name = Products;
			sourceTree = "<group>";
		};
		1026EDEF1CA1132E0037E2B5 /* 微信登录_分享 */ = {
			isa = PBXGroup;
			children = (
				1026EDF31CA1132E0037E2B5 /* AppDelegate.h */,
				1026EDF41CA1132E0037E2B5 /* AppDelegate.m */,
				1026EDF61CA1132E0037E2B5 /* ViewController.h */,
				1026EDF71CA1132E0037E2B5 /* ViewController.m */,
				1026EE331CA119660037E2B5 /* WXLoginShare.h */,
				1026EE341CA119660037E2B5 /* WXLoginShare.m */,
				1026EDF91CA1132E0037E2B5 /* Main.storyboard */,
				1026EE6A1CA1391C0037E2B5 /* 1.png */,
				1026EE6B1CA1391C0037E2B5 /* 2.png */,
				1026EDFC1CA1132E0037E2B5 /* Assets.xcassets */,
				1026EDFE1CA1132E0037E2B5 /* LaunchScreen.storyboard */,
				1026EE011CA1132E0037E2B5 /* Info.plist */,
				1026EE381CA1258E0037E2B5 /* SDWebImage */,
				1026EE231CA113810037E2B5 /* WeChatSDK */,
				1026EDF01CA1132E0037E2B5 /* Supporting Files */,
			);
			path = "微信登录_分享";
			sourceTree = "<group>";
		};
		1026EDF01CA1132E0037E2B5 /* Supporting Files */ = {
			isa = PBXGroup;
			children = (
				1026EDF11CA1132E0037E2B5 /* main.m */,
			);
			name = "Supporting Files";
			sourceTree = "<group>";
		};
		1026EE091CA1132E0037E2B5 /* 微信登录_分享Tests */ = {
			isa = PBXGroup;
			children = (
				1026EE0A1CA1132E0037E2B5 /* _______Tests.m */,
				1026EE0C1CA1132E0037E2B5 /* Info.plist */,
			);
			path = "微信登录_分享Tests";
			sourceTree = "<group>";
		};
		1026EE141CA1132E0037E2B5 /* 微信登录_分享UITests */ = {
			isa = PBXGroup;
			children = (
				1026EE151CA1132E0037E2B5 /* _______UITests.m */,
				1026EE171CA1132E0037E2B5 /* Info.plist */,
			);
			path = "微信登录_分享UITests";
			sourceTree = "<group>";
		};
		1026EE231CA113810037E2B5 /* WeChatSDK */ = {
			isa = PBXGroup;
			children = (
				1026EE241CA113810037E2B5 /* libWeChatSDK.a */,
				1026EE251CA113810037E2B5 /* read_me.txt */,
				1026EE261CA113810037E2B5 /* WechatAuthSDK.h */,
				1026EE271CA113810037E2B5 /* WXApi.h */,
				1026EE281CA113810037E2B5 /* WXApiObject.h */,
			);
			path = WeChatSDK;
			sourceTree = "<group>";
		};
		1026EE381CA1258E0037E2B5 /* SDWebImage */ = {
			isa = PBXGroup;
			children = (
				1026EE391CA1258E0037E2B5 /* MKAnnotationView+WebCache.h */,
				1026EE3A1CA1258E0037E2B5 /* MKAnnotationView+WebCache.m */,
				1026EE3B1CA1258E0037E2B5 /* NSData+ImageContentType.h */,
				1026EE3C1CA1258E0037E2B5 /* NSData+ImageContentType.m */,
				1026EE3D1CA1258E0037E2B5 /* SDImageCache.h */,
				1026EE3E1CA1258E0037E2B5 /* SDImageCache.m */,
				1026EE3F1CA1258E0037E2B5 /* SDWebImageCompat.h */,
				1026EE401CA1258E0037E2B5 /* SDWebImageCompat.m */,
				1026EE411CA1258E0037E2B5 /* SDWebImageDecoder.h */,
				1026EE421CA1258E0037E2B5 /* SDWebImageDecoder.m */,
				1026EE431CA1258E0037E2B5 /* SDWebImageDownloader.h */,
				1026EE441CA1258E0037E2B5 /* SDWebImageDownloader.m */,
				1026EE451CA1258E0037E2B5 /* SDWebImageDownloaderOperation.h */,
				1026EE461CA1258E0037E2B5 /* SDWebImageDownloaderOperation.m */,
				1026EE471CA1258E0037E2B5 /* SDWebImageManager.h */,
				1026EE481CA1258E0037E2B5 /* SDWebImageManager.m */,
				1026EE491CA1258E0037E2B5 /* SDWebImageOperation.h */,
				1026EE4A1CA1258E0037E2B5 /* SDWebImagePrefetcher.h */,
				1026EE4B1CA1258E0037E2B5 /* SDWebImagePrefetcher.m */,
				1026EE4C1CA1258E0037E2B5 /* UIButton+WebCache.h */,
				1026EE4D1CA1258E0037E2B5 /* UIButton+WebCache.m */,
				1026EE4E1CA1258E0037E2B5 /* UIImage+GIF.h */,
				1026EE4F1CA1258E0037E2B5 /* UIImage+GIF.m */,
				1026EE501CA1258E0037E2B5 /* UIImage+MultiFormat.h */,
				1026EE511CA1258E0037E2B5 /* UIImage+MultiFormat.m */,
				1026EE521CA1258E0037E2B5 /* UIImage+WebP.h */,
				1026EE531CA1258E0037E2B5 /* UIImage+WebP.m */,
				1026EE541CA1258E0037E2B5 /* UIImageView+HighlightedWebCache.h */,
				1026EE551CA1258E0037E2B5 /* UIImageView+HighlightedWebCache.m */,
				1026EE561CA1258E0037E2B5 /* UIImageView+WebCache.h */,
				1026EE571CA1258E0037E2B5 /* UIImageView+WebCache.m */,
				1026EE581CA1258E0037E2B5 /* UIView+WebCacheOperation.h */,
				1026EE591CA1258E0037E2B5 /* UIView+WebCacheOperation.m */,
			);
			path = SDWebImage;
			sourceTree = "<group>";
		};
/* End PBXGroup section */

/* Begin PBXNativeTarget section */
		1026EDEC1CA1132E0037E2B5 /* 微信登录_分享 */ = {
			isa = PBXNativeTarget;
			buildConfigurationList = 1026EE1A1CA1132E0037E2B5 /* Build configuration list for PBXNativeTarget "微信登录_分享" */;
			buildPhases = (
				1026EDE91CA1132E0037E2B5 /* Sources */,
				1026EDEA1CA1132E0037E2B5 /* Frameworks */,
				1026EDEB1CA1132E0037E2B5 /* Resources */,
			);
			buildRules = (
			);
			dependencies = (
			);
			name = "微信登录_分享";
			productName = "微信登录_分享";
			productReference = 1026EDED1CA1132E0037E2B5 /* 微信登录_分享.app */;
			productType = "com.apple.product-type.application";
		};
		1026EE051CA1132E0037E2B5 /* 微信登录_分享Tests */ = {
			isa = PBXNativeTarget;
			buildConfigurationList = 1026EE1D1CA1132E0037E2B5 /* Build configuration list for PBXNativeTarget "微信登录_分享Tests" */;
			buildPhases = (
				1026EE021CA1132E0037E2B5 /* Sources */,
				1026EE031CA1132E0037E2B5 /* Frameworks */,
				1026EE041CA1132E0037E2B5 /* Resources */,
			);
			buildRules = (
			);
			dependencies = (
				1026EE081CA1132E0037E2B5 /* PBXTargetDependency */,
			);
			name = "微信登录_分享Tests";
			productName = "微信登录_分享Tests";
			productReference = 1026EE061CA1132E0037E2B5 /* 微信登录_分享Tests.xctest */;
			productType = "com.apple.product-type.bundle.unit-test";
		};
		1026EE101CA1132E0037E2B5 /* 微信登录_分享UITests */ = {
			isa = PBXNativeTarget;
			buildConfigurationList = 1026EE201CA1132E0037E2B5 /* Build configuration list for PBXNativeTarget "微信登录_分享UITests" */;
			buildPhases = (
				1026EE0D1CA1132E0037E2B5 /* Sources */,
				1026EE0E1CA1132E0037E2B5 /* Frameworks */,
				1026EE0F1CA1132E0037E2B5 /* Resources */,
			);
			buildRules = (
			);
			dependencies = (
				1026EE131CA1132E0037E2B5 /* PBXTargetDependency */,
			);
			name = "微信登录_分享UITests";
			productName = "微信登录_分享UITests";
			productReference = 1026EE111CA1132E0037E2B5 /* 微信登录_分享UITests.xctest */;
			productType = "com.apple.product-type.bundle.ui-testing";
		};
/* End PBXNativeTarget section */

/* Begin PBXProject section */
		1026EDE51CA1132E0037E2B5 /* Project object */ = {
			isa = PBXProject;
			attributes = {
				LastUpgradeCheck = 0720;
				ORGANIZATIONNAME = zhuming;
				TargetAttributes = {
					1026EDEC1CA1132E0037E2B5 = {
						CreatedOnToolsVersion = 7.2.1;
						DevelopmentTeam = 93UAK59354;
					};
					1026EE051CA1132E0037E2B5 = {
						CreatedOnToolsVersion = 7.2.1;
						TestTargetID = 1026EDEC1CA1132E0037E2B5;
					};
					1026EE101CA1132E0037E2B5 = {
						CreatedOnToolsVersion = 7.2.1;
						TestTargetID = 1026EDEC1CA1132E0037E2B5;
					};
				};
			};
			buildConfigurationList = 1026EDE81CA1132E0037E2B5 /* Build configuration list for PBXProject "微信登录_分享" */;
			compatibilityVersion = "Xcode 3.2";
			developmentRegion = English;
			hasScannedForEncodings = 0;
			knownRegions = (
				en,
				Base,
			);
			mainGroup = 1026EDE41CA1132E0037E2B5;
			productRefGroup = 1026EDEE1CA1132E0037E2B5 /* Products */;
			projectDirPath = "";
			projectRoot = "";
			targets = (
				1026EDEC1CA1132E0037E2B5 /* 微信登录_分享 */,
				1026EE051CA1132E0037E2B5 /* 微信登录_分享Tests */,
				1026EE101CA1132E0037E2B5 /* 微信登录_分享UITests */,
			);
		};
/* End PBXProject section */

/* Begin PBXResourcesBuildPhase section */
		1026EDEB1CA1132E0037E2B5 /* Resources */ = {
			isa = PBXResourcesBuildPhase;
			buildActionMask = 2147483647;
			files = (
				1026EE6D1CA1391C0037E2B5 /* 2.png in Resources */,
				1026EE001CA1132E0037E2B5 /* LaunchScreen.storyboard in Resources */,
				1026EDFD1CA1132E0037E2B5 /* Assets.xcassets in Resources */,
				1026EE2A1CA113810037E2B5 /* read_me.txt in Resources */,
				1026EDFB1CA1132E0037E2B5 /* Main.storyboard in Resources */,
				1026EE6C1CA1391C0037E2B5 /* 1.png in Resources */,
			);
			runOnlyForDeploymentPostprocessing = 0;
		};
		1026EE041CA1132E0037E2B5 /* Resources */ = {
			isa = PBXResourcesBuildPhase;
			buildActionMask = 2147483647;
			files = (
			);
			runOnlyForDeploymentPostprocessing = 0;
		};
		1026EE0F1CA1132E0037E2B5 /* Resources */ = {
			isa = PBXResourcesBuildPhase;
			buildActionMask = 2147483647;
			files = (
			);
			runOnlyForDeploymentPostprocessing = 0;
		};
/* End PBXResourcesBuildPhase section */

/* Begin PBXSourcesBuildPhase section */
		1026EDE91CA1132E0037E2B5 /* Sources */ = {
			isa = PBXSourcesBuildPhase;
			buildActionMask = 2147483647;
			files = (
				1026EE671CA1258E0037E2B5 /* UIImageView+HighlightedWebCache.m in Sources */,
				1026EE651CA1258E0037E2B5 /* UIImage+MultiFormat.m in Sources */,
				1026EE601CA1258E0037E2B5 /* SDWebImageDownloaderOperation.m in Sources */,
				1026EE351CA119660037E2B5 /* WXLoginShare.m in Sources */,
				1026EE5D1CA1258E0037E2B5 /* SDWebImageCompat.m in Sources */,
				1026EE641CA1258E0037E2B5 /* UIImage+GIF.m in Sources */,
				1026EE621CA1258E0037E2B5 /* SDWebImagePrefetcher.m in Sources */,
				1026EDF81CA1132E0037E2B5 /* ViewController.m in Sources */,
				1026EDF51CA1132E0037E2B5 /* AppDelegate.m in Sources */,
				1026EE661CA1258E0037E2B5 /* UIImage+WebP.m in Sources */,
				1026EE681CA1258E0037E2B5 /* UIImageView+WebCache.m in Sources */,
				1026EE5F1CA1258E0037E2B5 /* SDWebImageDownloader.m in Sources */,
				1026EE691CA1258E0037E2B5 /* UIView+WebCacheOperation.m in Sources */,
				1026EE631CA1258E0037E2B5 /* UIButton+WebCache.m in Sources */,
				1026EE5A1CA1258E0037E2B5 /* MKAnnotationView+WebCache.m in Sources */,
				1026EE5B1CA1258E0037E2B5 /* NSData+ImageContentType.m in Sources */,
				1026EDF21CA1132E0037E2B5 /* main.m in Sources */,
				1026EE611CA1258E0037E2B5 /* SDWebImageManager.m in Sources */,
				1026EE5E1CA1258E0037E2B5 /* SDWebImageDecoder.m in Sources */,
				1026EE5C1CA1258E0037E2B5 /* SDImageCache.m in Sources */,
			);
			runOnlyForDeploymentPostprocessing = 0;
		};
		1026EE021CA1132E0037E2B5 /* Sources */ = {
			isa = PBXSourcesBuildPhase;
			buildActionMask = 2147483647;
			files = (
				1026EE0B1CA1132E0037E2B5 /* _______Tests.m in Sources */,
			);
			runOnlyForDeploymentPostprocessing = 0;
		};
		1026EE0D1CA1132E0037E2B5 /* Sources */ = {
			isa = PBXSourcesBuildPhase;
			buildActionMask = 2147483647;
			files = (
				1026EE161CA1132E0037E2B5 /* _______UITests.m in Sources */,
			);
			runOnlyForDeploymentPostprocessing = 0;
		};
/* End PBXSourcesBuildPhase section */

/* Begin PBXTargetDependency section */
		1026EE081CA1132E0037E2B5 /* PBXTargetDependency */ = {
			isa = PBXTargetDependency;
			target = 1026EDEC1CA1132E0037E2B5 /* 微信登录_分享 */;
			targetProxy = 1026EE071CA1132E0037E2B5 /* PBXContainerItemProxy */;
		};
		1026EE131CA1132E0037E2B5 /* PBXTargetDependency */ = {
			isa = PBXTargetDependency;
			target = 1026EDEC1CA1132E0037E2B5 /* 微信登录_分享 */;
			targetProxy = 1026EE121CA1132E0037E2B5 /* PBXContainerItemProxy */;
		};
/* End PBXTargetDependency section */

/* Begin PBXVariantGroup section */
		1026EDF91CA1132E0037E2B5 /* Main.storyboard */ = {
			isa = PBXVariantGroup;
			children = (
				1026EDFA1CA1132E0037E2B5 /* Base */,
			);
			name = Main.storyboard;
			sourceTree = "<group>";
		};
		1026EDFE1CA1132E0037E2B5 /* LaunchScreen.storyboard */ = {
			isa = PBXVariantGroup;
			children = (
				1026EDFF1CA1132E0037E2B5 /* Base */,
			);
			name = LaunchScreen.storyboard;
			sourceTree = "<group>";
		};
/* End PBXVariantGroup section */

/* Begin XCBuildConfiguration section */
		1026EE181CA1132E0037E2B5 /* Debug */ = {
			isa = XCBuildConfiguration;
			buildSettings = {
				ALWAYS_SEARCH_USER_PATHS = NO;
				CLANG_CXX_LANGUAGE_STANDARD = "gnu++0x";
				CLANG_CXX_LIBRARY = "libc++";
				CLANG_ENABLE_MODULES = YES;
				CLANG_ENABLE_OBJC_ARC = YES;
				CLANG_WARN_BOOL_CONVERSION = YES;
				CLANG_WARN_CONSTANT_CONVERSION = YES;
				CLANG_WARN_DIRECT_OBJC_ISA_USAGE = YES_ERROR;
				CLANG_WARN_EMPTY_BODY = YES;
				CLANG_WARN_ENUM_CONVERSION = YES;
				CLANG_WARN_INT_CONVERSION = YES;
				CLANG_WARN_OBJC_ROOT_CLASS = YES_ERROR;
				CLANG_WARN_UNREACHABLE_CODE = YES;
				CLANG_WARN__DUPLICATE_METHOD_MATCH = YES;
				CODE_SIGN_IDENTITY = "iPhone Developer: zhuming3834@sina.com (PZH6Z2PS4V)";
				"CODE_SIGN_IDENTITY[sdk=iphoneos*]" = "iPhone Developer: zhuming3834@sina.com (PZH6Z2PS4V)";
				COPY_PHASE_STRIP = NO;
				DEBUG_INFORMATION_FORMAT = dwarf;
				ENABLE_STRICT_OBJC_MSGSEND = YES;
				ENABLE_TESTABILITY = YES;
				GCC_C_LANGUAGE_STANDARD = gnu99;
				GCC_DYNAMIC_NO_PIC = NO;
				GCC_NO_COMMON_BLOCKS = YES;
				GCC_OPTIMIZATION_LEVEL = 0;
				GCC_PREPROCESSOR_DEFINITIONS = (
					"DEBUG=1",
					"$(inherited)",
				);
				GCC_WARN_64_TO_32_BIT_CONVERSION = YES;
				GCC_WARN_ABOUT_RETURN_TYPE = YES_ERROR;
				GCC_WARN_UNDECLARED_SELECTOR = YES;
				GCC_WARN_UNINITIALIZED_AUTOS = YES_AGGRESSIVE;
				GCC_WARN_UNUSED_FUNCTION = YES;
				GCC_WARN_UNUSED_VARIABLE = YES;
				IPHONEOS_DEPLOYMENT_TARGET = 8.4;
				MTL_ENABLE_DEBUG_INFO = YES;
				ONLY_ACTIVE_ARCH = YES;
				SDKROOT = iphoneos;
				TARGETED_DEVICE_FAMILY = "1,2";
			};
			name = Debug;
		};
		1026EE191CA1132E0037E2B5 /* Release */ = {
			isa = XCBuildConfiguration;
			buildSettings = {
				ALWAYS_SEARCH_USER_PATHS = NO;
				CLANG_CXX_LANGUAGE_STANDARD = "gnu++0x";
				CLANG_CXX_LIBRARY = "libc++";
				CLANG_ENABLE_MODULES = YES;
				CLANG_ENABLE_OBJC_ARC = YES;
				CLANG_WARN_BOOL_CONVERSION = YES;
				CLANG_WARN_CONSTANT_CONVERSION = YES;
				CLANG_WARN_DIRECT_OBJC_ISA_USAGE = YES_ERROR;
				CLANG_WARN_EMPTY_BODY = YES;
				CLANG_WARN_ENUM_CONVERSION = YES;
				CLANG_WARN_INT_CONVERSION = YES;
				CLANG_WARN_OBJC_ROOT_CLASS = YES_ERROR;
				CLANG_WARN_UNREACHABLE_CODE = YES;
				CLANG_WARN__DUPLICATE_METHOD_MATCH = YES;
				CODE_SIGN_IDENTITY = "iPhone Developer: zhuming3834@sina.com (PZH6Z2PS4V)";
				"CODE_SIGN_IDENTITY[sdk=iphoneos*]" = "iPhone Developer: zhuming3834@sina.com (PZH6Z2PS4V)";
				COPY_PHASE_STRIP = NO;
				DEBUG_INFORMATION_FORMAT = "dwarf-with-dsym";
				ENABLE_NS_ASSERTIONS = NO;
				ENABLE_STRICT_OBJC_MSGSEND = YES;
				GCC_C_LANGUAGE_STANDARD = gnu99;
				GCC_NO_COMMON_BLOCKS = YES;
				GCC_WARN_64_TO_32_BIT_CONVERSION = YES;
				GCC_WARN_ABOUT_RETURN_TYPE = YES_ERROR;
				GCC_WARN_UNDECLARED_SELECTOR = YES;
				GCC_WARN_UNINITIALIZED_AUTOS = YES_AGGRESSIVE;
				GCC_WARN_UNUSED_FUNCTION = YES;
				GCC_WARN_UNUSED_VARIABLE = YES;
				IPHONEOS_DEPLOYMENT_TARGET = 8.4;
				MTL_ENABLE_DEBUG_INFO = NO;
				SDKROOT = iphoneos;
				TARGETED_DEVICE_FAMILY = "1,2";
				VALIDATE_PRODUCT = YES;
			};
			name = Release;
		};
		1026EE1B1CA1132E0037E2B5 /* Debug */ = {
			isa = XCBuildConfiguration;
			buildSettings = {
				ASSETCATALOG_COMPILER_APPICON_NAME = AppIcon;
				CODE_SIGN_IDENTITY = "iPhone Developer";
				"CODE_SIGN_IDENTITY[sdk=iphoneos*]" = "iPhone Developer";
				INFOPLIST_FILE = "微信登录_分享/Info.plist";
				LD_RUNPATH_SEARCH_PATHS = "$(inherited) @executable_path/Frameworks";
				LIBRARY_SEARCH_PATHS = (
					"$(inherited)",
					"$(PROJECT_DIR)/微信登录_分享/WeChatSDK/**",
				);
				OTHER_LDFLAGS = "-ObjC";
				PRODUCT_BUNDLE_IDENTIFIER = "zhuming.-------";
				PRODUCT_NAME = "$(TARGET_NAME)";
				PROVISIONING_PROFILE = "";
			};
			name = Debug;
		};
		1026EE1C1CA1132E0037E2B5 /* Release */ = {
			isa = XCBuildConfiguration;
			buildSettings = {
				ASSETCATALOG_COMPILER_APPICON_NAME = AppIcon;
				CODE_SIGN_IDENTITY = "iPhone Developer";
				"CODE_SIGN_IDENTITY[sdk=iphoneos*]" = "iPhone Developer";
				INFOPLIST_FILE = "微信登录_分享/Info.plist";
				LD_RUNPATH_SEARCH_PATHS = "$(inherited) @executable_path/Frameworks";
				LIBRARY_SEARCH_PATHS = (
					"$(inherited)",
					"$(PROJECT_DIR)/微信登录_分享/WeChatSDK/**",
				);
				OTHER_LDFLAGS = "-ObjC";
				PRODUCT_BUNDLE_IDENTIFIER = "zhuming.-------";
				PRODUCT_NAME = "$(TARGET_NAME)";
				PROVISIONING_PROFILE = "";
			};
			name = Release;
		};
		1026EE1E1CA1132E0037E2B5 /* Debug */ = {
			isa = XCBuildConfiguration;
			buildSettings = {
				BUNDLE_LOADER = "$(TEST_HOST)";
				INFOPLIST_FILE = "微信登录_分享Tests/Info.plist";
				LD_RUNPATH_SEARCH_PATHS = "$(inherited) @executable_path/Frameworks @loader_path/Frameworks";
				PRODUCT_BUNDLE_IDENTIFIER = "zhuming.-------Tests";
				PRODUCT_NAME = "$(TARGET_NAME)";
				TEST_HOST = "$(BUILT_PRODUCTS_DIR)/微信登录_分享.app/微信登录_分享";
			};
			name = Debug;
		};
		1026EE1F1CA1132E0037E2B5 /* Release */ = {
			isa = XCBuildConfiguration;
			buildSettings = {
				BUNDLE_LOADER = "$(TEST_HOST)";
				INFOPLIST_FILE = "微信登录_分享Tests/Info.plist";
				LD_RUNPATH_SEARCH_PATHS = "$(inherited) @executable_path/Frameworks @loader_path/Frameworks";
				PRODUCT_BUNDLE_IDENTIFIER = "zhuming.-------Tests";
				PRODUCT_NAME = "$(TARGET_NAME)";
				TEST_HOST = "$(BUILT_PRODUCTS_DIR)/微信登录_分享.app/微信登录_分享";
			};
			name = Release;
		};
		1026EE211CA1132E0037E2B5 /* Debug */ = {
			isa = XCBuildConfiguration;
			buildSettings = {
				INFOPLIST_FILE = "微信登录_分享UITests/Info.plist";
				LD_RUNPATH_SEARCH_PATHS = "$(inherited) @executable_path/Frameworks @loader_path/Frameworks";
				PRODUCT_BUNDLE_IDENTIFIER = "zhuming.-------UITests";
				PRODUCT_NAME = "$(TARGET_NAME)";
				TEST_TARGET_NAME = "微信登录_分享";
				USES_XCTRUNNER = YES;
			};
			name = Debug;
		};
		1026EE221CA1132E0037E2B5 /* Release */ = {
			isa = XCBuildConfiguration;
			buildSettings = {
				INFOPLIST_FILE = "微信登录_分享UITests/Info.plist";
				LD_RUNPATH_SEARCH_PATHS = "$(inherited) @executable_path/Frameworks @loader_path/Frameworks";
				PRODUCT_BUNDLE_IDENTIFIER = "zhuming.-------UITests";
				PRODUCT_NAME = "$(TARGET_NAME)";
				TEST_TARGET_NAME = "微信登录_分享";
				USES_XCTRUNNER = YES;
			};
			name = Release;
		};
/* End XCBuildConfiguration section */

/* Begin XCConfigurationList section */
		1026EDE81CA1132E0037E2B5 /* Build configuration list for PBXProject "微信登录_分享" */ = {
			isa = XCConfigurationList;
			buildConfigurations = (
				1026EE181CA1132E0037E2B5 /* Debug */,
				1026EE191CA1132E0037E2B5 /* Release */,
			);
			defaultConfigurationIsVisible = 0;
			defaultConfigurationName = Release;
		};
		1026EE1A1CA1132E0037E2B5 /* Build configuration list for PBXNativeTarget "微信登录_分享" */ = {
			isa = XCConfigurationList;
			buildConfigurations = (
				1026EE1B1CA1132E0037E2B5 /* Debug */,
				1026EE1C1CA1132E0037E2B5 /* Release */,
			);
			defaultConfigurationIsVisible = 0;
		};
		1026EE1D1CA1132E0037E2B5 /* Build configuration list for PBXNativeTarget "微信登录_分享Tests" */ = {
			isa = XCConfigurationList;
			buildConfigurations = (
				1026EE1E1CA1132E0037E2B5 /* Debug */,
				1026EE1F1CA1132E0037E2B5 /* Release */,
			);
			defaultConfigurationIsVisible = 0;
		};
		1026EE201CA1132E0037E2B5 /* Build configuration list for PBXNativeTarget "微信登录_分享UITests" */ = {
			isa = XCConfigurationList;
			buildConfigurations = (
				1026EE211CA1132E0037E2B5 /* Debug */,
				1026EE221CA1132E0037E2B5 /* Release */,
			);
			defaultConfigurationIsVisible = 0;
		};
/* End XCConfigurationList section */
	};
	rootObject = 1026EDE51CA1132E0037E2B5 /* Project object */;
}
